<?xml version="1.0" encoding="utf-8"?>
<Project ToolsVersion="4.0" xmlns="http://schemas.microsoft.com/developer/msbuild/2003">
  <ItemGroup>
    <Filter Include="ソース ファイル">
      <UniqueIdentifier>{4FC737F1-C7A5-4376-A066-2A32D752A2FF}</UniqueIdentifier>
      <Extensions>cpp;c;cc;cxx;def;odl;idl;hpj;bat;asm;asmx</Extensions>
    </Filter>
    <Filter Include="ヘッダー ファイル">
      <UniqueIdentifier>{93995380-89BD-4b04-88EB-625FBE52EBFB}</UniqueIdentifier>
      <Extensions>h;hh;hpp;hxx;hm;inl;inc;xsd</Extensions>
    </Filter>
    <Filter Include="リソース ファイル">
      <UniqueIdentifier>{67DA6AB6-F800-4c08-8B7A-83BB121AAD01}</UniqueIdentifier>
      <Extensions>rc;ico;cur;bmp;dlg;rc2;rct;bin;rgs;gif;jpg;jpeg;jpe;resx;tiff;tif;png;wav;mfcribbon-ms</Extensions>
    </Filter>
    <Filter Include="ソース ファイル\Shader">
      <UniqueIdentifier>{ab0df482-da33-46c2-b0bf-c6ab0cce3078}</UniqueIdentifier>
    </Filter>
    <Filter Include="ヘッダー ファイル\Shader">
      <UniqueIdentifier>{76e4bd90-931f-4fb4-9aee-9c1a5109720f}</UniqueIdentifier>
    </Filter>
    <Filter Include="ヘッダー ファイル\Model">
      <UniqueIdentifier>{2ef2744b-03ce-475b-8484-f3da342ca69b}</UniqueIdentifier>
    </Filter>
    <Filter Include="ソース ファイル\Model">
      <UniqueIdentifier>{64f15ec4-3b86-4954-9a32-bd043870a266}</UniqueIdentifier>
    </Filter>
  </ItemGroup>
  <ItemGroup>
    <ClCompile Include="Main.cpp">
      <Filter>ソース ファイル</Filter>
    </ClCompile>
    <ClCompile Include="GLSLProgram.cpp">
      <Filter>ソース ファイル</Filter>
    </ClCompile>
    <ClCompile Include="DDSLoader.cpp">
      <Filter>ソース ファイル</Filter>
    </ClCompile>
    <ClCompile Include="VBOTeapotPatch.cpp">
      <Filter>ソース ファイル\Model</Filter>
    </ClCompile>
    <ClCompile Include="Mouse.cpp">
      <Filter>ソース ファイル</Filter>
    </ClCompile>
    <ClCompile Include="TessTeapot.cpp">
      <Filter>ソース ファイル\Shader</Filter>
    </ClCompile>
  </ItemGroup>
  <ItemGroup>
    <ClInclude Include="GLSLProgram.h">
      <Filter>ヘッダー ファイル</Filter>
    </ClInclude>
    <ClInclude Include="TeapotData.h">
      <Filter>ヘッダー ファイル\Model</Filter>
    </ClInclude>
    <ClInclude Include="DDSLoader.h">
      <Filter>ヘッダー ファイル</Filter>
    </ClInclude>
    <ClInclude Include="VBOTeapotPatch.h">
      <Filter>ヘッダー ファイル\Model</Filter>
    </ClInclude>
    <ClInclude Include="Mouse.h">
      <Filter>ヘッダー ファイル</Filter>
    </ClInclude>
    <ClInclude Include="TessTeapot.h">
      <Filter>ヘッダー ファイル\Shader</Filter>
    </ClInclude>
  </ItemGroup>
  <ItemGroup>
    <None Include="shader\tessteapot.frag" />
    <None Include="shader\tessteapot.vert" />
    <None Include="shader\tessteapot.tcs" />
    <None Include="shader\tessteapot.tes" />
    <None Include="shader\wireframe.gs" />
  </ItemGroup>
</Project>